
Microsoft Visual Studio Solution File, Format Version 12.00
# Visual Studio Version 17
VisualStudioVersion = 17.3.32929.385
MinimumVisualStudioVersion = 10.0.40219.1
Project("{FAE04EC0-301F-11D3-BF4B-00C04F79EFBC}") = "MoviesApi", "MoviesApi.csproj", "{B77FB4EC-F29D-45C2-8C4B-EAD889682C50}"
EndProject
Global
	GlobalSection(SolutionConfigurationPlatforms) = preSolution
		Debug|Any CPU = Debug|Any CPU
		Release|Any CPU = Release|Any CPU
	EndGlobalSection
	GlobalSection(ProjectConfigurationPlatforms) = postSolution
		{B77FB4EC-F29D-45C2-8C4B-EAD889682C50}.Debug|Any CPU.ActiveCfg = Debug|Any CPU
		{B77FB4EC-F29D-45C2-8C4B-EAD889682C50}.Debug|Any CPU.Build.0 = Debug|Any CPU
		{B77FB4EC-F29D-45C2-8C4B-EAD889682C50}.Release|Any CPU.ActiveCfg = Release|Any CPU
		{B77FB4EC-F29D-45C2-8C4B-EAD889682C50}.Release|Any CPU.Build.0 = Release|Any CPU
	EndGlobalSection
	GlobalSection(SolutionProperties) = preSolution
		HideSolutionNode = FALSE
	EndGlobalSection
	GlobalSection(ExtensibilityGlobals) = postSolution
		SolutionGuid = {3351D515-3E1F-4249-9602-95B18F4A106F}
	EndGlobalSection
EndGlobal
